// !$*UTF8*$!
{
	archiveVersion = 1;
	classes = {
	};
	objectVersion = 50;
	objects = {

/* Begin PBXBuildFile section */
		A6E79C10223CBFD600C4D88B /* AppDelegate.m in Sources */ = {isa = PBXBuildFile; fileRef = A6E79C0F223CBFD600C4D88B /* AppDelegate.m */; };
		A6E79C13223CBFD600C4D88B /* ViewController.m in Sources */ = {isa = PBXBuildFile; fileRef = A6E79C12223CBFD600C4D88B /* ViewController.m */; };
		A6E79C16223CBFD600C4D88B /* Main.storyboard in Resources */ = {isa = PBXBuildFile; fileRef = A6E79C14223CBFD600C4D88B /* Main.storyboard */; };
		A6E79C18223CBFE200C4D88B /* Assets.xcassets in Resources */ = {isa = PBXBuildFile; fileRef = A6E79C17223CBFE200C4D88B /* Assets.xcassets */; };
		A6E79C1B223CBFE200C4D88B /* LaunchScreen.storyboard in Resources */ = {isa = PBXBuildFile; fileRef = A6E79C19223CBFE200C4D88B /* LaunchScreen.storyboard */; };
		A6E79C1E223CBFE200C4D88B /* main.m in Sources */ = {isa = PBXBuildFile; fileRef = A6E79C1D223CBFE200C4D88B /* main.m */; };
		A6E79C28223CBFE200C4D88B /* jenkinsTestTests.m in Sources */ = {isa = PBXBuildFile; fileRef = A6E79C27223CBFE200C4D88B /* jenkinsTestTests.m */; };
		A6E79C33223CBFE200C4D88B /* jenkinsTestUITests.m in Sources */ = {isa = PBXBuildFile; fileRef = A6E79C32223CBFE200C4D88B /* jenkinsTestUITests.m */; };
/* End PBXBuildFile section */

/* Begin PBXContainerItemProxy section */
		A6E79C24223CBFE200C4D88B /* PBXContainerItemProxy */ = {
			isa = PBXContainerItemProxy;
			containerPortal = A6E79C03223CBFD500C4D88B /* Project object */;
			proxyType = 1;
			remoteGlobalIDString = A6E79C0A223CBFD600C4D88B;
			remoteInfo = jenkinsTest;
		};
		A6E79C2F223CBFE200C4D88B /* PBXContainerItemProxy */ = {
			isa = PBXContainerItemProxy;
			containerPortal = A6E79C03223CBFD500C4D88B /* Project object */;
			proxyType = 1;
			remoteGlobalIDString = A6E79C0A223CBFD600C4D88B;
			remoteInfo = jenkinsTest;
		};
/* End PBXContainerItemProxy section */

/* Begin PBXFileReference section */
		A6E79C0B223CBFD600C4D88B /* jenkinsTest.app */ = {isa = PBXFileReference; explicitFileType = wrapper.application; includeInIndex = 0; path = jenkinsTest.app; sourceTree = BUILT_PRODUCTS_DIR; };
		A6E79C0E223CBFD600C4D88B /* AppDelegate.h */ = {isa = PBXFileReference; lastKnownFileType = sourcecode.c.h; path = AppDelegate.h; sourceTree = "<group>"; };
		A6E79C0F223CBFD600C4D88B /* AppDelegate.m */ = {isa = PBXFileReference; lastKnownFileType = sourcecode.c.objc; path = AppDelegate.m; sourceTree = "<group>"; };
		A6E79C11223CBFD600C4D88B /* ViewController.h */ = {isa = PBXFileReference; lastKnownFileType = sourcecode.c.h; path = ViewController.h; sourceTree = "<group>"; };
		A6E79C12223CBFD600C4D88B /* ViewController.m */ = {isa = PBXFileReference; lastKnownFileType = sourcecode.c.objc; path = ViewController.m; sourceTree = "<group>"; };
		A6E79C15223CBFD600C4D88B /* Base */ = {isa = PBXFileReference; lastKnownFileType = file.storyboard; name = Base; path = Base.lproj/Main.storyboard; sourceTree = "<group>"; };
		A6E79C17223CBFE200C4D88B /* Assets.xcassets */ = {isa = PBXFileReference; lastKnownFileType = folder.assetcatalog; path = Assets.xcassets; sourceTree = "<group>"; };
		A6E79C1A223CBFE200C4D88B /* Base */ = {isa = PBXFileReference; lastKnownFileType = file.storyboard; name = Base; path = Base.lproj/LaunchScreen.storyboard; sourceTree = "<group>"; };
		A6E79C1C223CBFE200C4D88B /* Info.plist */ = {isa = PBXFileReference; lastKnownFileType = text.plist.xml; path = Info.plist; sourceTree = "<group>"; };
		A6E79C1D223CBFE200C4D88B /* main.m */ = {isa = PBXFileReference; lastKnownFileType = sourcecode.c.objc; path = main.m; sourceTree = "<group>"; };
		A6E79C23223CBFE200C4D88B /* jenkinsTestTests.xctest */ = {isa = PBXFileReference; explicitFileType = wrapper.cfbundle; includeInIndex = 0; path = jenkinsTestTests.xctest; sourceTree = BUILT_PRODUCTS_DIR; };
		A6E79C27223CBFE200C4D88B /* jenkinsTestTests.m */ = {isa = PBXFileReference; lastKnownFileType = sourcecode.c.objc; path = jenkinsTestTests.m; sourceTree = "<group>"; };
		A6E79C29223CBFE200C4D88B /* Info.plist */ = {isa = PBXFileReference; lastKnownFileType = text.plist.xml; path = Info.plist; sourceTree = "<group>"; };
		A6E79C2E223CBFE200C4D88B /* jenkinsTestUITests.xctest */ = {isa = PBXFileReference; explicitFileType = wrapper.cfbundle; includeInIndex = 0; path = jenkinsTestUITests.xctest; sourceTree = BUILT_PRODUCTS_DIR; };
		A6E79C32223CBFE200C4D88B /* jenkinsTestUITests.m */ = {isa = PBXFileReference; lastKnownFileType = sourcecode.c.objc; path = jenkinsTestUITests.m; sourceTree = "<group>"; };
		A6E79C34223CBFE200C4D88B /* Info.plist */ = {isa = PBXFileReference; lastKnownFileType = text.plist.xml; path = Info.plist; sourceTree = "<group>"; };
/* End PBXFileReference section */

/* Begin PBXFrameworksBuildPhase section */
		A6E79C08223CBFD600C4D88B /* Frameworks */ = {
			isa = PBXFrameworksBuildPhase;
			buildActionMask = 2147483647;
			files = (
			);
			runOnlyForDeploymentPostprocessing = 0;
		};
		A6E79C20223CBFE200C4D88B /* Frameworks */ = {
			isa = PBXFrameworksBuildPhase;
			buildActionMask = 2147483647;
			files = (
			);
			runOnlyForDeploymentPostprocessing = 0;
		};
		A6E79C2B223CBFE200C4D88B /* Frameworks */ = {
			isa = PBXFrameworksBuildPhase;
			buildActionMask = 2147483647;
			files = (
			);
			runOnlyForDeploymentPostprocessing = 0;
		};
/* End PBXFrameworksBuildPhase section */

/* Begin PBXGroup section */
		A6E79C02223CBFD500C4D88B = {
			isa = PBXGroup;
			children = (
				A6E79C0D223CBFD600C4D88B /* jenkinsTest */,
				A6E79C26223CBFE200C4D88B /* jenkinsTestTests */,
				A6E79C31223CBFE200C4D88B /* jenkinsTestUITests */,
				A6E79C0C223CBFD600C4D88B /* Products */,
			);
			sourceTree = "<group>";
		};
		A6E79C0C223CBFD600C4D88B /* Products */ = {
			isa = PBXGroup;
			children = (
				A6E79C0B223CBFD600C4D88B /* jenkinsTest.app */,
				A6E79C23223CBFE200C4D88B /* jenkinsTestTests.xctest */,
				A6E79C2E223CBFE200C4D88B /* jenkinsTestUITests.xctest */,
			);
			name = Products;
			sourceTree = "<group>";
		};
		A6E79C0D223CBFD600C4D88B /* jenkinsTest */ = {
			isa = PBXGroup;
			children = (
				A6E79C0E223CBFD600C4D88B /* AppDelegate.h */,
				A6E79C0F223CBFD600C4D88B /* AppDelegate.m */,
				A6E79C11223CBFD600C4D88B /* ViewController.h */,
				A6E79C12223CBFD600C4D88B /* ViewController.m */,
				A6E79C14223CBFD600C4D88B /* Main.storyboard */,
				A6E79C17223CBFE200C4D88B /* Assets.xcassets */,
				A6E79C19223CBFE200C4D88B /* LaunchScreen.storyboard */,
				A6E79C1C223CBFE200C4D88B /* Info.plist */,
				A6E79C1D223CBFE200C4D88B /* main.m */,
			);
			path = jenkinsTest;
			sourceTree = "<group>";
		};
		A6E79C26223CBFE200C4D88B /* jenkinsTestTests */ = {
			isa = PBXGroup;
			children = (
				A6E79C27223CBFE200C4D88B /* jenkinsTestTests.m */,
				A6E79C29223CBFE200C4D88B /* Info.plist */,
			);
			path = jenkinsTestTests;
			sourceTree = "<group>";
		};
		A6E79C31223CBFE200C4D88B /* jenkinsTestUITests */ = {
			isa = PBXGroup;
			children = (
				A6E79C32223CBFE200C4D88B /* jenkinsTestUITests.m */,
				A6E79C34223CBFE200C4D88B /* Info.plist */,
			);
			path = jenkinsTestUITests;
			sourceTree = "<group>";
		};
/* End PBXGroup section */

/* Begin PBXNativeTarget section */
		A6E79C0A223CBFD600C4D88B /* jenkinsTest */ = {
			isa = PBXNativeTarget;
			buildConfigurationList = A6E79C37223CBFE200C4D88B /* Build configuration list for PBXNativeTarget "jenkinsTest" */;
			buildPhases = (
				A6E79C07223CBFD600C4D88B /* Sources */,
				A6E79C08223CBFD600C4D88B /* Frameworks */,
				A6E79C09223CBFD600C4D88B /* Resources */,
			);
			buildRules = (
			);
			dependencies = (
			);
			name = jenkinsTest;
			productName = jenkinsTest;
			productReference = A6E79C0B223CBFD600C4D88B /* jenkinsTest.app */;
			productType = "com.apple.product-type.application";
		};
		A6E79C22223CBFE200C4D88B /* jenkinsTestTests */ = {
			isa = PBXNativeTarget;
			buildConfigurationList = A6E79C3A223CBFE200C4D88B /* Build configuration list for PBXNativeTarget "jenkinsTestTests" */;
			buildPhases = (
				A6E79C1F223CBFE200C4D88B /* Sources */,
				A6E79C20223CBFE200C4D88B /* Frameworks */,
				A6E79C21223CBFE200C4D88B /* Resources */,
			);
			buildRules = (
			);
			dependencies = (
				A6E79C25223CBFE200C4D88B /* PBXTargetDependency */,
			);
			name = jenkinsTestTests;
			productName = jenkinsTestTests;
			productReference = A6E79C23223CBFE200C4D88B /* jenkinsTestTests.xctest */;
			productType = "com.apple.product-type.bundle.unit-test";
		};
		A6E79C2D223CBFE200C4D88B /* jenkinsTestUITests */ = {
			isa = PBXNativeTarget;
			buildConfigurationList = A6E79C3D223CBFE200C4D88B /* Build configuration list for PBXNativeTarget "jenkinsTestUITests" */;
			buildPhases = (
				A6E79C2A223CBFE200C4D88B /* Sources */,
				A6E79C2B223CBFE200C4D88B /* Frameworks */,
				A6E79C2C223CBFE200C4D88B /* Resources */,
			);
			buildRules = (
			);
			dependencies = (
				A6E79C30223CBFE200C4D88B /* PBXTargetDependency */,
			);
			name = jenkinsTestUITests;
			productName = jenkinsTestUITests;
			productReference = A6E79C2E223CBFE200C4D88B /* jenkinsTestUITests.xctest */;
			productType = "com.apple.product-type.bundle.ui-testing";
		};
/* End PBXNativeTarget section */

/* Begin PBXProject section */
		A6E79C03223CBFD500C4D88B /* Project object */ = {
			isa = PBXProject;
			attributes = {
				LastUpgradeCheck = 1000;
				ORGANIZATIONNAME = jenkins;
				TargetAttributes = {
					A6E79C0A223CBFD600C4D88B = {
						CreatedOnToolsVersion = 10.0;
					};
					A6E79C22223CBFE200C4D88B = {
						CreatedOnToolsVersion = 10.0;
						TestTargetID = A6E79C0A223CBFD600C4D88B;
					};
					A6E79C2D223CBFE200C4D88B = {
						CreatedOnToolsVersion = 10.0;
						TestTargetID = A6E79C0A223CBFD600C4D88B;
					};
				};
			};
			buildConfigurationList = A6E79C06223CBFD500C4D88B /* Build configuration list for PBXProject "jenkinsTest" */;
			compatibilityVersion = "Xcode 9.3";
			developmentRegion = en;
			hasScannedForEncodings = 0;
			knownRegions = (
				en,
				Base,
			);
			mainGroup = A6E79C02223CBFD500C4D88B;
			productRefGroup = A6E79C0C223CBFD600C4D88B /* Products */;
			projectDirPath = "";
			projectRoot = "";
			targets = (
				A6E79C0A223CBFD600C4D88B /* jenkinsTest */,
				A6E79C22223CBFE200C4D88B /* jenkinsTestTests */,
				A6E79C2D223CBFE200C4D88B /* jenkinsTestUITests */,
			);
		};
/* End PBXProject section */

/* Begin PBXResourcesBuildPhase section */
		A6E79C09223CBFD600C4D88B /* Resources */ = {
			isa = PBXResourcesBuildPhase;
			buildActionMask = 2147483647;
			files = (
				A6E79C1B223CBFE200C4D88B /* LaunchScreen.storyboard in Resources */,
				A6E79C18223CBFE200C4D88B /* Assets.xcassets in Resources */,
				A6E79C16223CBFD600C4D88B /* Main.storyboard in Resources */,
			);
			runOnlyForDeploymentPostprocessing = 0;
		};
		A6E79C21223CBFE200C4D88B /* Resources */ = {
			isa = PBXResourcesBuildPhase;
			buildActionMask = 2147483647;
			files = (
			);
			runOnlyForDeploymentPostprocessing = 0;
		};
		A6E79C2C223CBFE200C4D88B /* Resources */ = {
			isa = PBXResourcesBuildPhase;
			buildActionMask = 2147483647;
			files = (
			);
			runOnlyForDeploymentPostprocessing = 0;
		};
/* End PBXResourcesBuildPhase section */

/* Begin PBXSourcesBuildPhase section */
		A6E79C07223CBFD600C4D88B /* Sources */ = {
			isa = PBXSourcesBuildPhase;
			buildActionMask = 2147483647;
			files = (
				A6E79C13223CBFD600C4D88B /* ViewController.m in Sources */,
				A6E79C1E223CBFE200C4D88B /* main.m in Sources */,
				A6E79C10223CBFD600C4D88B /* AppDelegate.m in Sources */,
			);
			runOnlyForDeploymentPostprocessing = 0;
		};
		A6E79C1F223CBFE200C4D88B /* Sources */ = {
			isa = PBXSourcesBuildPhase;
			buildActionMask = 2147483647;
			files = (
				A6E79C28223CBFE200C4D88B /* jenkinsTestTests.m in Sources */,
			);
			runOnlyForDeploymentPostprocessing = 0;
		};
		A6E79C2A223CBFE200C4D88B /* Sources */ = {
			isa = PBXSourcesBuildPhase;
			buildActionMask = 2147483647;
			files = (
				A6E79C33223CBFE200C4D88B /* jenkinsTestUITests.m in Sources */,
			);
			runOnlyForDeploymentPostprocessing = 0;
		};
/* End PBXSourcesBuildPhase section */

/* Begin PBXTargetDependency section */
		A6E79C25223CBFE200C4D88B /* PBXTargetDependency */ = {
			isa = PBXTargetDependency;
			target = A6E79C0A223CBFD600C4D88B /* jenkinsTest */;
			targetProxy = A6E79C24223CBFE200C4D88B /* PBXContainerItemProxy */;
		};
		A6E79C30223CBFE200C4D88B /* PBXTargetDependency */ = {
			isa = PBXTargetDependency;
			target = A6E79C0A223CBFD600C4D88B /* jenkinsTest */;
			targetProxy = A6E79C2F223CBFE200C4D88B /* PBXContainerItemProxy */;
		};
/* End PBXTargetDependency section */

/* Begin PBXVariantGroup section */
		A6E79C14223CBFD600C4D88B /* Main.storyboard */ = {
			isa = PBXVariantGroup;
			children = (
				A6E79C15223CBFD600C4D88B /* Base */,
			);
			name = Main.storyboard;
			sourceTree = "<group>";
		};
		A6E79C19223CBFE200C4D88B /* LaunchScreen.storyboard */ = {
			isa = PBXVariantGroup;
			children = (
				A6E79C1A223CBFE200C4D88B /* Base */,
			);
			name = LaunchScreen.storyboard;
			sourceTree = "<group>";
		};
/* End PBXVariantGroup section */

/* Begin XCBuildConfiguration section */
		A6E79C35223CBFE200C4D88B /* Debug */ = {
			isa = XCBuildConfiguration;
			buildSettings = {
				ALWAYS_SEARCH_USER_PATHS = NO;
				CLANG_ANALYZER_NONNULL = YES;
				CLANG_ANALYZER_NUMBER_OBJECT_CONVERSION = YES_AGGRESSIVE;
				CLANG_CXX_LANGUAGE_STANDARD = "gnu++14";
				CLANG_CXX_LIBRARY = "libc++";
				CLANG_ENABLE_MODULES = YES;
				CLANG_ENABLE_OBJC_ARC = YES;
				CLANG_ENABLE_OBJC_WEAK = YES;
				CLANG_WARN_BLOCK_CAPTURE_AUTORELEASING = YES;
				CLANG_WARN_BOOL_CONVERSION = YES;
				CLANG_WARN_COMMA = YES;
				CLANG_WARN_CONSTANT_CONVERSION = YES;
				CLANG_WARN_DEPRECATED_OBJC_IMPLEMENTATIONS = YES;
				CLANG_WARN_DIRECT_OBJC_ISA_USAGE = YES_ERROR;
				CLANG_WARN_DOCUMENTATION_COMMENTS = YES;
				CLANG_WARN_EMPTY_BODY = YES;
				CLANG_WARN_ENUM_CONVERSION = YES;
				CLANG_WARN_INFINITE_RECURSION = YES;
				CLANG_WARN_INT_CONVERSION = YES;
				CLANG_WARN_NON_LITERAL_NULL_CONVERSION = YES;
				CLANG_WARN_OBJC_IMPLICIT_RETAIN_SELF = YES;
				CLANG_WARN_OBJC_LITERAL_CONVERSION = YES;
				CLANG_WARN_OBJC_ROOT_CLASS = YES_ERROR;
				CLANG_WARN_RANGE_LOOP_ANALYSIS = YES;
				CLANG_WARN_STRICT_PROTOTYPES = YES;
				CLANG_WARN_SUSPICIOUS_MOVE = YES;
				CLANG_WARN_UNGUARDED_AVAILABILITY = YES_AGGRESSIVE;
				CLANG_WARN_UNREACHABLE_CODE = YES;
				CLANG_WARN__DUPLICATE_METHOD_MATCH = YES;
				CODE_SIGN_IDENTITY = "iPhone Developer";
				COPY_PHASE_STRIP = NO;
				DEBUG_INFORMATION_FORMAT = dwarf;
				ENABLE_STRICT_OBJC_MSGSEND = YES;
				ENABLE_TESTABILITY = YES;
				GCC_C_LANGUAGE_STANDARD = gnu11;
				GCC_DYNAMIC_NO_PIC = NO;
				GCC_NO_COMMON_BLOCKS = YES;
				GCC_OPTIMIZATION_LEVEL = 0;
				GCC_PREPROCESSOR_DEFINITIONS = (
					"DEBUG=1",
					"$(inherited)",
				);
				GCC_WARN_64_TO_32_BIT_CONVERSION = YES;
				GCC_WARN_ABOUT_RETURN_TYPE = YES_ERROR;
				GCC_WARN_UNDECLARED_SELECTOR = YES;
				GCC_WARN_UNINITIALIZED_AUTOS = YES_AGGRESSIVE;
				GCC_WARN_UNUSED_FUNCTION = YES;
				GCC_WARN_UNUSED_VARIABLE = YES;
				IPHONEOS_DEPLOYMENT_TARGET = 12.0;
				MTL_ENABLE_DEBUG_INFO = INCLUDE_SOURCE;
				MTL_FAST_MATH = YES;
				ONLY_ACTIVE_ARCH = YES;
				SDKROOT = iphoneos;
			};
			name = Debug;
		};
		A6E79C36223CBFE200C4D88B /* Release */ = {
			isa = XCBuildConfiguration;
			buildSettings = {
				ALWAYS_SEARCH_USER_PATHS = NO;
				CLANG_ANALYZER_NONNULL = YES;
				CLANG_ANALYZER_NUMBER_OBJECT_CONVERSION = YES_AGGRESSIVE;
				CLANG_CXX_LANGUAGE_STANDARD = "gnu++14";
				CLANG_CXX_LIBRARY = "libc++";
				CLANG_ENABLE_MODULES = YES;
				CLANG_ENABLE_OBJC_ARC = YES;
				CLANG_ENABLE_OBJC_WEAK = YES;
				CLANG_WARN_BLOCK_CAPTURE_AUTORELEASING = YES;
				CLANG_WARN_BOOL_CONVERSION = YES;
				CLANG_WARN_COMMA = YES;
				CLANG_WARN_CONSTANT_CONVERSION = YES;
				CLANG_WARN_DEPRECATED_OBJC_IMPLEMENTATIONS = YES;
				CLANG_WARN_DIRECT_OBJC_ISA_USAGE = YES_ERROR;
				CLANG_WARN_DOCUMENTATION_COMMENTS = YES;
				CLANG_WARN_EMPTY_BODY = YES;
				CLANG_WARN_ENUM_CONVERSION = YES;
				CLANG_WARN_INFINITE_RECURSION = YES;
				CLANG_WARN_INT_CONVERSION = YES;
				CLANG_WARN_NON_LITERAL_NULL_CONVERSION = YES;
				CLANG_WARN_OBJC_IMPLICIT_RETAIN_SELF = YES;
				CLANG_WARN_OBJC_LITERAL_CONVERSION = YES;
				CLANG_WARN_OBJC_ROOT_CLASS = YES_ERROR;
				CLANG_WARN_RANGE_LOOP_ANALYSIS = YES;
				CLANG_WARN_STRICT_PROTOTYPES = YES;
				CLANG_WARN_SUSPICIOUS_MOVE = YES;
				CLANG_WARN_UNGUARDED_AVAILABILITY = YES_AGGRESSIVE;
				CLANG_WARN_UNREACHABLE_CODE = YES;
				CLANG_WARN__DUPLICATE_METHOD_MATCH = YES;
				CODE_SIGN_IDENTITY = "iPhone Developer";
				COPY_PHASE_STRIP = NO;
				DEBUG_INFORMATION_FORMAT = "dwarf-with-dsym";
				ENABLE_NS_ASSERTIONS = NO;
				ENABLE_STRICT_OBJC_MSGSEND = YES;
				GCC_C_LANGUAGE_STANDARD = gnu11;
				GCC_NO_COMMON_BLOCKS = YES;
				GCC_WARN_64_TO_32_BIT_CONVERSION = YES;
				GCC_WARN_ABOUT_RETURN_TYPE = YES_ERROR;
				GCC_WARN_UNDECLARED_SELECTOR = YES;
				GCC_WARN_UNINITIALIZED_AUTOS = YES_AGGRESSIVE;
				GCC_WARN_UNUSED_FUNCTION = YES;
				GCC_WARN_UNUSED_VARIABLE = YES;
				IPHONEOS_DEPLOYMENT_TARGET = 12.0;
				MTL_ENABLE_DEBUG_INFO = NO;
				MTL_FAST_MATH = YES;
				SDKROOT = iphoneos;
				VALIDATE_PRODUCT = YES;
			};
			name = Release;
		};
		A6E79C38223CBFE200C4D88B /* Debug */ = {
			isa = XCBuildConfiguration;
			buildSettings = {
				ASSETCATALOG_COMPILER_APPICON_NAME = AppIcon;
				CODE_SIGN_STYLE = Automatic;
				INFOPLIST_FILE = jenkinsTest/Info.plist;
				LD_RUNPATH_SEARCH_PATHS = (
					"$(inherited)",
					"@executable_path/Frameworks",
				);
				PRODUCT_BUNDLE_IDENTIFIER = com.jenkinsTest.org.jenkinsTest;
				PRODUCT_NAME = "$(TARGET_NAME)";
				TARGETED_DEVICE_FAMILY = "1,2";
			};
			name = Debug;
		};
		A6E79C39223CBFE200C4D88B /* Release */ = {
			isa = XCBuildConfiguration;
			buildSettings = {
				ASSETCATALOG_COMPILER_APPICON_NAME = AppIcon;
				CODE_SIGN_STYLE = Automatic;
				INFOPLIST_FILE = jenkinsTest/Info.plist;
				LD_RUNPATH_SEARCH_PATHS = (
					"$(inherited)",
					"@executable_path/Frameworks",
				);
				PRODUCT_BUNDLE_IDENTIFIER = com.jenkinsTest.org.jenkinsTest;
				PRODUCT_NAME = "$(TARGET_NAME)";
				TARGETED_DEVICE_FAMILY = "1,2";
			};
			name = Release;
		};
		A6E79C3B223CBFE200C4D88B /* Debug */ = {
			isa = XCBuildConfiguration;
			buildSettings = {
				BUNDLE_LOADER = "$(TEST_HOST)";
				CODE_SIGN_STYLE = Automatic;
				INFOPLIST_FILE = jenkinsTestTests/Info.plist;
				LD_RUNPATH_SEARCH_PATHS = (
					"$(inherited)",
					"@executable_path/Frameworks",
					"@loader_path/Frameworks",
				);
				PRODUCT_BUNDLE_IDENTIFIER = com.jenkinsTest.org.jenkinsTestTests;
				PRODUCT_NAME = "$(TARGET_NAME)";
				TARGETED_DEVICE_FAMILY = "1,2";
				TEST_HOST = "$(BUILT_PRODUCTS_DIR)/jenkinsTest.app/jenkinsTest";
			};
			name = Debug;
		};
		A6E79C3C223CBFE200C4D88B /* Release */ = {
			isa = XCBuildConfiguration;
			buildSettings = {
				BUNDLE_LOADER = "$(TEST_HOST)";
				CODE_SIGN_STYLE = Automatic;
				INFOPLIST_FILE = jenkinsTestTests/Info.plist;
				LD_RUNPATH_SEARCH_PATHS = (
					"$(inherited)",
					"@executable_path/Frameworks",
					"@loader_path/Frameworks",
				);
				PRODUCT_BUNDLE_IDENTIFIER = com.jenkinsTest.org.jenkinsTestTests;
				PRODUCT_NAME = "$(TARGET_NAME)";
				TARGETED_DEVICE_FAMILY = "1,2";
				TEST_HOST = "$(BUILT_PRODUCTS_DIR)/jenkinsTest.app/jenkinsTest";
			};
			name = Release;
		};
		A6E79C3E223CBFE200C4D88B /* Debug */ = {
			isa = XCBuildConfiguration;
			buildSettings = {
				CODE_SIGN_STYLE = Automatic;
				INFOPLIST_FILE = jenkinsTestUITests/Info.plist;
				LD_RUNPATH_SEARCH_PATHS = (
					"$(inherited)",
					"@executable_path/Frameworks",
					"@loader_path/Frameworks",
				);
				PRODUCT_BUNDLE_IDENTIFIER = com.jenkinsTest.org.jenkinsTestUITests;
				PRODUCT_NAME = "$(TARGET_NAME)";
				TARGETED_DEVICE_FAMILY = "1,2";
				TEST_TARGET_NAME = jenkinsTest;
			};
			name = Debug;
		};
		A6E79C3F223CBFE200C4D88B /* Release */ = {
			isa = XCBuildConfiguration;
			buildSettings = {
				CODE_SIGN_STYLE = Automatic;
				INFOPLIST_FILE = jenkinsTestUITests/Info.plist;
				LD_RUNPATH_SEARCH_PATHS = (
					"$(inherited)",
					"@executable_path/Frameworks",
					"@loader_path/Frameworks",
				);
				PRODUCT_BUNDLE_IDENTIFIER = com.jenkinsTest.org.jenkinsTestUITests;
				PRODUCT_NAME = "$(TARGET_NAME)";
				TARGETED_DEVICE_FAMILY = "1,2";
				TEST_TARGET_NAME = jenkinsTest;
			};
			name = Release;
		};
/* End XCBuildConfiguration section */

/* Begin XCConfigurationList section */
		A6E79C06223CBFD500C4D88B /* Build configuration list for PBXProject "jenkinsTest" */ = {
			isa = XCConfigurationList;
			buildConfigurations = (
				A6E79C35223CBFE200C4D88B /* Debug */,
				A6E79C36223CBFE200C4D88B /* Release */,
			);
			defaultConfigurationIsVisible = 0;
			defaultConfigurationName = Release;
		};
		A6E79C37223CBFE200C4D88B /* Build configuration list for PBXNativeTarget "jenkinsTest" */ = {
			isa = XCConfigurationList;
			buildConfigurations = (
				A6E79C38223CBFE200C4D88B /* Debug */,
				A6E79C39223CBFE200C4D88B /* Release */,
			);
			defaultConfigurationIsVisible = 0;
			defaultConfigurationName = Release;
		};
		A6E79C3A223CBFE200C4D88B /* Build configuration list for PBXNativeTarget "jenkinsTestTests" */ = {
			isa = XCConfigurationList;
			buildConfigurations = (
				A6E79C3B223CBFE200C4D88B /* Debug */,
				A6E79C3C223CBFE200C4D88B /* Release */,
			);
			defaultConfigurationIsVisible = 0;
			defaultConfigurationName = Release;
		};
		A6E79C3D223CBFE200C4D88B /* Build configuration list for PBXNativeTarget "jenkinsTestUITests" */ = {
			isa = XCConfigurationList;
			buildConfigurations = (
				A6E79C3E223CBFE200C4D88B /* Debug */,
				A6E79C3F223CBFE200C4D88B /* Release */,
			);
			defaultConfigurationIsVisible = 0;
			defaultConfigurationName = Release;
		};
/* End XCConfigurationList section */
	};
	rootObject = A6E79C03223CBFD500C4D88B /* Project object */;
}
